
Microsoft Visual Studio Solution File, Format Version 12.00
# Visual Studio Version 17
VisualStudioVersion = 17.10.35122.118
MinimumVisualStudioVersion = 10.0.40219.1
Project("{2150E333-8FDC-42A3-9474-1A3956D46DE8}") = "00.Client", "00.Client", "{6BED3BBB-6C8E-428D-AB8E-1AE2E085B83B}"
EndProject
Project("{2150E333-8FDC-42A3-9474-1A3956D46DE8}") = "01.Engine", "01.Engine", "{6C413205-D4A5-4172-BD98-D25D22AA8C1B}"
EndProject
Project("{8BC9CEB8-8B4A-11D0-8D11-00A0C91BC942}") = "Client", "Client\Include\Client.vcxproj", "{3AFE2388-2EE5-4D7F-BBFC-E2258350ABA0}"
	ProjectSection(ProjectDependencies) = postProject
		{C9A0ED41-DFF7-4076-9A0B-5D7A5139D502} = {C9A0ED41-DFF7-4076-9A0B-5D7A5139D502}
		{F9198099-3FDF-4C41-8442-DCF1264C45BA} = {F9198099-3FDF-4C41-8442-DCF1264C45BA}
	EndProjectSection
EndProject
Project("{2150E333-8FDC-42A3-9474-1A3956D46DE8}") = "02.Base", "02.Base", "{878D1FD6-6C81-42E6-A31B-BD680E8376B3}"
	ProjectSection(SolutionItems) = preProject
		Base\Base.h = Base\Base.h
		Base\Base.inl = Base\Base.inl
		memo.txt = memo.txt
	EndProjectSection
EndProject
Project("{2150E333-8FDC-42A3-9474-1A3956D46DE8}") = "00.System", "00.System", "{E2D75373-DF61-48A3-A473-7F35DF43BFF7}"
EndProject
Project("{2150E333-8FDC-42A3-9474-1A3956D46DE8}") = "01.Utility", "01.Utility", "{6C2EBC5A-9B66-4750-8501-05C1CD173E69}"
EndProject
Project("{2150E333-8FDC-42A3-9474-1A3956D46DE8}") = "02.Header", "02.Header", "{A6F3926E-F255-4871-94AB-B351461DE160}"
	ProjectSection(SolutionItems) = preProject
		Engine\Header\Engine_Define.h = Engine\Header\Engine_Define.h
		Engine\Header\Engine_Enum.h = Engine\Header\Engine_Enum.h
		Engine\Header\Engine_Function.h = Engine\Header\Engine_Function.h
		Engine\Header\Engine_Macro.h = Engine\Header\Engine_Macro.h
		Engine\Header\Engine_Struct.h = Engine\Header\Engine_Struct.h
		Engine\Header\Engine_Typedef.h = Engine\Header\Engine_Typedef.h
	EndProjectSection
EndProject
Project("{8BC9CEB8-8B4A-11D0-8D11-00A0C91BC942}") = "System", "Engine\System\Include\System.vcxproj", "{C9A0ED41-DFF7-4076-9A0B-5D7A5139D502}"
EndProject
Project("{8BC9CEB8-8B4A-11D0-8D11-00A0C91BC942}") = "Utility", "Engine\Utility\Include\Utility.vcxproj", "{F9198099-3FDF-4C41-8442-DCF1264C45BA}"
EndProject
Global
	GlobalSection(SolutionConfigurationPlatforms) = preSolution
		Debug|x64 = Debug|x64
		Debug|x86 = Debug|x86
		Release|x64 = Release|x64
		Release|x86 = Release|x86
	EndGlobalSection
	GlobalSection(ProjectConfigurationPlatforms) = postSolution
		{3AFE2388-2EE5-4D7F-BBFC-E2258350ABA0}.Debug|x64.ActiveCfg = Debug|x64
		{3AFE2388-2EE5-4D7F-BBFC-E2258350ABA0}.Debug|x64.Build.0 = Debug|x64
		{3AFE2388-2EE5-4D7F-BBFC-E2258350ABA0}.Debug|x86.ActiveCfg = Debug|Win32
		{3AFE2388-2EE5-4D7F-BBFC-E2258350ABA0}.Debug|x86.Build.0 = Debug|Win32
		{3AFE2388-2EE5-4D7F-BBFC-E2258350ABA0}.Release|x64.ActiveCfg = Release|x64
		{3AFE2388-2EE5-4D7F-BBFC-E2258350ABA0}.Release|x64.Build.0 = Release|x64
		{3AFE2388-2EE5-4D7F-BBFC-E2258350ABA0}.Release|x86.ActiveCfg = Release|Win32
		{3AFE2388-2EE5-4D7F-BBFC-E2258350ABA0}.Release|x86.Build.0 = Release|Win32
		{C9A0ED41-DFF7-4076-9A0B-5D7A5139D502}.Debug|x64.ActiveCfg = Debug|x64
		{C9A0ED41-DFF7-4076-9A0B-5D7A5139D502}.Debug|x64.Build.0 = Debug|x64
		{C9A0ED41-DFF7-4076-9A0B-5D7A5139D502}.Debug|x86.ActiveCfg = Debug|Win32
		{C9A0ED41-DFF7-4076-9A0B-5D7A5139D502}.Debug|x86.Build.0 = Debug|Win32
		{C9A0ED41-DFF7-4076-9A0B-5D7A5139D502}.Release|x64.ActiveCfg = Release|x64
		{C9A0ED41-DFF7-4076-9A0B-5D7A5139D502}.Release|x64.Build.0 = Release|x64
		{C9A0ED41-DFF7-4076-9A0B-5D7A5139D502}.Release|x86.ActiveCfg = Release|Win32
		{C9A0ED41-DFF7-4076-9A0B-5D7A5139D502}.Release|x86.Build.0 = Release|Win32
		{F9198099-3FDF-4C41-8442-DCF1264C45BA}.Debug|x64.ActiveCfg = Debug|x64
		{F9198099-3FDF-4C41-8442-DCF1264C45BA}.Debug|x64.Build.0 = Debug|x64
		{F9198099-3FDF-4C41-8442-DCF1264C45BA}.Debug|x86.ActiveCfg = Debug|Win32
		{F9198099-3FDF-4C41-8442-DCF1264C45BA}.Debug|x86.Build.0 = Debug|Win32
		{F9198099-3FDF-4C41-8442-DCF1264C45BA}.Release|x64.ActiveCfg = Release|x64
		{F9198099-3FDF-4C41-8442-DCF1264C45BA}.Release|x64.Build.0 = Release|x64
		{F9198099-3FDF-4C41-8442-DCF1264C45BA}.Release|x86.ActiveCfg = Release|Win32
		{F9198099-3FDF-4C41-8442-DCF1264C45BA}.Release|x86.Build.0 = Release|Win32
	EndGlobalSection
	GlobalSection(SolutionProperties) = preSolution
		HideSolutionNode = FALSE
	EndGlobalSection
	GlobalSection(NestedProjects) = preSolution
		{3AFE2388-2EE5-4D7F-BBFC-E2258350ABA0} = {6BED3BBB-6C8E-428D-AB8E-1AE2E085B83B}
		{E2D75373-DF61-48A3-A473-7F35DF43BFF7} = {6C413205-D4A5-4172-BD98-D25D22AA8C1B}
		{6C2EBC5A-9B66-4750-8501-05C1CD173E69} = {6C413205-D4A5-4172-BD98-D25D22AA8C1B}
		{A6F3926E-F255-4871-94AB-B351461DE160} = {6C413205-D4A5-4172-BD98-D25D22AA8C1B}
		{C9A0ED41-DFF7-4076-9A0B-5D7A5139D502} = {E2D75373-DF61-48A3-A473-7F35DF43BFF7}
		{F9198099-3FDF-4C41-8442-DCF1264C45BA} = {6C2EBC5A-9B66-4750-8501-05C1CD173E69}
	EndGlobalSection
	GlobalSection(ExtensibilityGlobals) = postSolution
		SolutionGuid = {2BECA334-EA07-4BCB-B33A-0A2E49114261}
	EndGlobalSection
EndGlobal
